
Microsoft Visual Studio Solution File, Format Version 12.00
# Visual Studio Version 17
VisualStudioVersion = 17.14.36310.24 d17.14
MinimumVisualStudioVersion = 10.0.40219.1
Project("{FAE04EC0-301F-11D3-BF4B-00C04F79EFBC}") = "docker-quick-manager", "docker-quick-manager\docker-quick-manager.csproj", "{4E5434BE-F10D-454E-85B2-1A047CDB0943}"
EndProject
Global
	GlobalSection(SolutionConfigurationPlatforms) = preSolution
		Debug|Any CPU = Debug|Any CPU
		Release|Any CPU = Release|Any CPU
	EndGlobalSection
	GlobalSection(ProjectConfigurationPlatforms) = postSolution
		{4E5434BE-F10D-454E-85B2-1A047CDB0943}.Debug|Any CPU.ActiveCfg = Debug|Any CPU
		{4E5434BE-F10D-454E-85B2-1A047CDB0943}.Debug|Any CPU.Build.0 = Debug|Any CPU
		{4E5434BE-F10D-454E-85B2-1A047CDB0943}.Release|Any CPU.ActiveCfg = Release|Any CPU
		{4E5434BE-F10D-454E-85B2-1A047CDB0943}.Release|Any CPU.Build.0 = Release|Any CPU
	EndGlobalSection
	GlobalSection(SolutionProperties) = preSolution
		HideSolutionNode = FALSE
	EndGlobalSection
	GlobalSection(ExtensibilityGlobals) = postSolution
		SolutionGuid = {7827C063-B013-43BE-9BD2-4585B5F66A19}
	EndGlobalSection
EndGlobal
